// !$*UTF8*$!
{
	archiveVersion = 1;
	classes = {
	};
	objectVersion = 55;
	objects = {

/* Begin PBXBuildFile section */
		2E191F00273F45DE00BDCA35 /* Tests_iOS.swift in Sources */ = {isa = PBXBuildFile; fileRef = 2E191EFF273F45DE00BDCA35 /* Tests_iOS.swift */; };
		2E191F02273F45DE00BDCA35 /* Tests_iOSLaunchTests.swift in Sources */ = {isa = PBXBuildFile; fileRef = 2E191F01273F45DE00BDCA35 /* Tests_iOSLaunchTests.swift */; };
		2E191F0C273F45DE00BDCA35 /* Tests_macOS.swift in Sources */ = {isa = PBXBuildFile; fileRef = 2E191F0B273F45DE00BDCA35 /* Tests_macOS.swift */; };
		2E191F0E273F45DE00BDCA35 /* Tests_macOSLaunchTests.swift in Sources */ = {isa = PBXBuildFile; fileRef = 2E191F0D273F45DE00BDCA35 /* Tests_macOSLaunchTests.swift */; };
		2E191F0F273F45DE00BDCA35 /* InstaApp.swift in Sources */ = {isa = PBXBuildFile; fileRef = 2E191EE7273F45DC00BDCA35 /* InstaApp.swift */; };
		2E191F10273F45DE00BDCA35 /* InstaApp.swift in Sources */ = {isa = PBXBuildFile; fileRef = 2E191EE7273F45DC00BDCA35 /* InstaApp.swift */; };
		2E191F11273F45DE00BDCA35 /* ContentView.swift in Sources */ = {isa = PBXBuildFile; fileRef = 2E191EE8273F45DC00BDCA35 /* ContentView.swift */; };
		2E191F12273F45DE00BDCA35 /* ContentView.swift in Sources */ = {isa = PBXBuildFile; fileRef = 2E191EE8273F45DC00BDCA35 /* ContentView.swift */; };
		2E191F13273F45DE00BDCA35 /* Assets.xcassets in Resources */ = {isa = PBXBuildFile; fileRef = 2E191EE9273F45DE00BDCA35 /* Assets.xcassets */; };
		2E191F14273F45DE00BDCA35 /* Assets.xcassets in Resources */ = {isa = PBXBuildFile; fileRef = 2E191EE9273F45DE00BDCA35 /* Assets.xcassets */; };
/* End PBXBuildFile section */

/* Begin PBXContainerItemProxy section */
		2E191EFC273F45DE00BDCA35 /* PBXContainerItemProxy */ = {
			isa = PBXContainerItemProxy;
			containerPortal = 2E191EE2273F45DC00BDCA35 /* Project object */;
			proxyType = 1;
			remoteGlobalIDString = 2E191EED273F45DE00BDCA35;
			remoteInfo = "Insta (iOS)";
		};
		2E191F08273F45DE00BDCA35 /* PBXContainerItemProxy */ = {
			isa = PBXContainerItemProxy;
			containerPortal = 2E191EE2273F45DC00BDCA35 /* Project object */;
			proxyType = 1;
			remoteGlobalIDString = 2E191EF3273F45DE00BDCA35;
			remoteInfo = "Insta (macOS)";
		};
/* End PBXContainerItemProxy section */

/* Begin PBXFileReference section */
		2E191EE7273F45DC00BDCA35 /* InstaApp.swift */ = {isa = PBXFileReference; lastKnownFileType = sourcecode.swift; path = InstaApp.swift; sourceTree = "<group>"; };
		2E191EE8273F45DC00BDCA35 /* ContentView.swift */ = {isa = PBXFileReference; lastKnownFileType = sourcecode.swift; path = ContentView.swift; sourceTree = "<group>"; };
		2E191EE9273F45DE00BDCA35 /* Assets.xcassets */ = {isa = PBXFileReference; lastKnownFileType = folder.assetcatalog; path = Assets.xcassets; sourceTree = "<group>"; };
		2E191EEE273F45DE00BDCA35 /* Insta.app */ = {isa = PBXFileReference; explicitFileType = wrapper.application; includeInIndex = 0; path = Insta.app; sourceTree = BUILT_PRODUCTS_DIR; };
		2E191EF4273F45DE00BDCA35 /* Insta.app */ = {isa = PBXFileReference; explicitFileType = wrapper.application; includeInIndex = 0; path = Insta.app; sourceTree = BUILT_PRODUCTS_DIR; };
		2E191EF6273F45DE00BDCA35 /* macOS.entitlements */ = {isa = PBXFileReference; lastKnownFileType = text.plist.entitlements; path = macOS.entitlements; sourceTree = "<group>"; };
		2E191EFB273F45DE00BDCA35 /* Tests iOS.xctest */ = {isa = PBXFileReference; explicitFileType = wrapper.cfbundle; includeInIndex = 0; path = "Tests iOS.xctest"; sourceTree = BUILT_PRODUCTS_DIR; };
		2E191EFF273F45DE00BDCA35 /* Tests_iOS.swift */ = {isa = PBXFileReference; lastKnownFileType = sourcecode.swift; path = Tests_iOS.swift; sourceTree = "<group>"; };
		2E191F01273F45DE00BDCA35 /* Tests_iOSLaunchTests.swift */ = {isa = PBXFileReference; lastKnownFileType = sourcecode.swift; path = Tests_iOSLaunchTests.swift; sourceTree = "<group>"; };
		2E191F07273F45DE00BDCA35 /* Tests macOS.xctest */ = {isa = PBXFileReference; explicitFileType = wrapper.cfbundle; includeInIndex = 0; path = "Tests macOS.xctest"; sourceTree = BUILT_PRODUCTS_DIR; };
		2E191F0B273F45DE00BDCA35 /* Tests_macOS.swift */ = {isa = PBXFileReference; lastKnownFileType = sourcecode.swift; path = Tests_macOS.swift; sourceTree = "<group>"; };
		2E191F0D273F45DE00BDCA35 /* Tests_macOSLaunchTests.swift */ = {isa = PBXFileReference; lastKnownFileType = sourcecode.swift; path = Tests_macOSLaunchTests.swift; sourceTree = "<group>"; };
/* End PBXFileReference section */

/* Begin PBXFrameworksBuildPhase section */
		2E191EEB273F45DE00BDCA35 /* Frameworks */ = {
			isa = PBXFrameworksBuildPhase;
			buildActionMask = 2147483647;
			files = (
			);
			runOnlyForDeploymentPostprocessing = 0;
		};
		2E191EF1273F45DE00BDCA35 /* Frameworks */ = {
			isa = PBXFrameworksBuildPhase;
			buildActionMask = 2147483647;
			files = (
			);
			runOnlyForDeploymentPostprocessing = 0;
		};
		2E191EF8273F45DE00BDCA35 /* Frameworks */ = {
			isa = PBXFrameworksBuildPhase;
			buildActionMask = 2147483647;
			files = (
			);
			runOnlyForDeploymentPostprocessing = 0;
		};
		2E191F04273F45DE00BDCA35 /* Frameworks */ = {
			isa = PBXFrameworksBuildPhase;
			buildActionMask = 2147483647;
			files = (
			);
			runOnlyForDeploymentPostprocessing = 0;
		};
/* End PBXFrameworksBuildPhase section */

/* Begin PBXGroup section */
		2E191EE1273F45DC00BDCA35 = {
			isa = PBXGroup;
			children = (
				2E191EE6273F45DC00BDCA35 /* Shared */,
				2E191EF5273F45DE00BDCA35 /* macOS */,
				2E191EFE273F45DE00BDCA35 /* Tests iOS */,
				2E191F0A273F45DE00BDCA35 /* Tests macOS */,
				2E191EEF273F45DE00BDCA35 /* Products */,
			);
			sourceTree = "<group>";
		};
		2E191EE6273F45DC00BDCA35 /* Shared */ = {
			isa = PBXGroup;
			children = (
				2E191EE7273F45DC00BDCA35 /* InstaApp.swift */,
				2E191EE8273F45DC00BDCA35 /* ContentView.swift */,
				2E191EE9273F45DE00BDCA35 /* Assets.xcassets */,
			);
			path = Shared;
			sourceTree = "<group>";
		};
		2E191EEF273F45DE00BDCA35 /* Products */ = {
			isa = PBXGroup;
			children = (
				2E191EEE273F45DE00BDCA35 /* Insta.app */,
				2E191EF4273F45DE00BDCA35 /* Insta.app */,
				2E191EFB273F45DE00BDCA35 /* Tests iOS.xctest */,
				2E191F07273F45DE00BDCA35 /* Tests macOS.xctest */,
			);
			name = Products;
			sourceTree = "<group>";
		};
		2E191EF5273F45DE00BDCA35 /* macOS */ = {
			isa = PBXGroup;
			children = (
				2E191EF6273F45DE00BDCA35 /* macOS.entitlements */,
			);
			path = macOS;
			sourceTree = "<group>";
		};
		2E191EFE273F45DE00BDCA35 /* Tests iOS */ = {
			isa = PBXGroup;
			children = (
				2E191EFF273F45DE00BDCA35 /* Tests_iOS.swift */,
				2E191F01273F45DE00BDCA35 /* Tests_iOSLaunchTests.swift */,
			);
			path = "Tests iOS";
			sourceTree = "<group>";
		};
		2E191F0A273F45DE00BDCA35 /* Tests macOS */ = {
			isa = PBXGroup;
			children = (
				2E191F0B273F45DE00BDCA35 /* Tests_macOS.swift */,
				2E191F0D273F45DE00BDCA35 /* Tests_macOSLaunchTests.swift */,
			);
			path = "Tests macOS";
			sourceTree = "<group>";
		};
/* End PBXGroup section */

/* Begin PBXNativeTarget section */
		2E191EED273F45DE00BDCA35 /* Insta (iOS) */ = {
			isa = PBXNativeTarget;
			buildConfigurationList = 2E191F17273F45DE00BDCA35 /* Build configuration list for PBXNativeTarget "Insta (iOS)" */;
			buildPhases = (
				2E191EEA273F45DE00BDCA35 /* Sources */,
				2E191EEB273F45DE00BDCA35 /* Frameworks */,
				2E191EEC273F45DE00BDCA35 /* Resources */,
			);
			buildRules = (
			);
			dependencies = (
			);
			name = "Insta (iOS)";
			productName = "Insta (iOS)";
			productReference = 2E191EEE273F45DE00BDCA35 /* Insta.app */;
			productType = "com.apple.product-type.application";
		};
		2E191EF3273F45DE00BDCA35 /* Insta (macOS) */ = {
			isa = PBXNativeTarget;
			buildConfigurationList = 2E191F1A273F45DE00BDCA35 /* Build configuration list for PBXNativeTarget "Insta (macOS)" */;
			buildPhases = (
				2E191EF0273F45DE00BDCA35 /* Sources */,
				2E191EF1273F45DE00BDCA35 /* Frameworks */,
				2E191EF2273F45DE00BDCA35 /* Resources */,
			);
			buildRules = (
			);
			dependencies = (
			);
			name = "Insta (macOS)";
			productName = "Insta (macOS)";
			productReference = 2E191EF4273F45DE00BDCA35 /* Insta.app */;
			productType = "com.apple.product-type.application";
		};
		2E191EFA273F45DE00BDCA35 /* Tests iOS */ = {
			isa = PBXNativeTarget;
			buildConfigurationList = 2E191F1D273F45DE00BDCA35 /* Build configuration list for PBXNativeTarget "Tests iOS" */;
			buildPhases = (
				2E191EF7273F45DE00BDCA35 /* Sources */,
				2E191EF8273F45DE00BDCA35 /* Frameworks */,
				2E191EF9273F45DE00BDCA35 /* Resources */,
			);
			buildRules = (
			);
			dependencies = (
				2E191EFD273F45DE00BDCA35 /* PBXTargetDependency */,
			);
			name = "Tests iOS";
			productName = "Tests iOS";
			productReference = 2E191EFB273F45DE00BDCA35 /* Tests iOS.xctest */;
			productType = "com.apple.product-type.bundle.ui-testing";
		};
		2E191F06273F45DE00BDCA35 /* Tests macOS */ = {
			isa = PBXNativeTarget;
			buildConfigurationList = 2E191F20273F45DE00BDCA35 /* Build configuration list for PBXNativeTarget "Tests macOS" */;
			buildPhases = (
				2E191F03273F45DE00BDCA35 /* Sources */,
				2E191F04273F45DE00BDCA35 /* Frameworks */,
				2E191F05273F45DE00BDCA35 /* Resources */,
			);
			buildRules = (
			);
			dependencies = (
				2E191F09273F45DE00BDCA35 /* PBXTargetDependency */,
			);
			name = "Tests macOS";
			productName = "Tests macOS";
			productReference = 2E191F07273F45DE00BDCA35 /* Tests macOS.xctest */;
			productType = "com.apple.product-type.bundle.ui-testing";
		};
/* End PBXNativeTarget section */

/* Begin PBXProject section */
		2E191EE2273F45DC00BDCA35 /* Project object */ = {
			isa = PBXProject;
			attributes = {
				BuildIndependentTargetsInParallel = 1;
				LastSwiftUpdateCheck = 1310;
				LastUpgradeCheck = 1310;
				TargetAttributes = {
					2E191EED273F45DE00BDCA35 = {
						CreatedOnToolsVersion = 13.1;
					};
					2E191EF3273F45DE00BDCA35 = {
						CreatedOnToolsVersion = 13.1;
					};
					2E191EFA273F45DE00BDCA35 = {
						CreatedOnToolsVersion = 13.1;
						TestTargetID = 2E191EED273F45DE00BDCA35;
					};
					2E191F06273F45DE00BDCA35 = {
						CreatedOnToolsVersion = 13.1;
						TestTargetID = 2E191EF3273F45DE00BDCA35;
					};
				};
			};
			buildConfigurationList = 2E191EE5273F45DC00BDCA35 /* Build configuration list for PBXProject "Insta" */;
			compatibilityVersion = "Xcode 13.0";
			developmentRegion = en;
			hasScannedForEncodings = 0;
			knownRegions = (
				en,
				Base,
			);
			mainGroup = 2E191EE1273F45DC00BDCA35;
			productRefGroup = 2E191EEF273F45DE00BDCA35 /* Products */;
			projectDirPath = "";
			projectRoot = "";
			targets = (
				2E191EED273F45DE00BDCA35 /* Insta (iOS) */,
				2E191EF3273F45DE00BDCA35 /* Insta (macOS) */,
				2E191EFA273F45DE00BDCA35 /* Tests iOS */,
				2E191F06273F45DE00BDCA35 /* Tests macOS */,
			);
		};
/* End PBXProject section */

/* Begin PBXResourcesBuildPhase section */
		2E191EEC273F45DE00BDCA35 /* Resources */ = {
			isa = PBXResourcesBuildPhase;
			buildActionMask = 2147483647;
			files = (
				2E191F13273F45DE00BDCA35 /* Assets.xcassets in Resources */,
			);
			runOnlyForDeploymentPostprocessing = 0;
		};
		2E191EF2273F45DE00BDCA35 /* Resources */ = {
			isa = PBXResourcesBuildPhase;
			buildActionMask = 2147483647;
			files = (
				2E191F14273F45DE00BDCA35 /* Assets.xcassets in Resources */,
			);
			runOnlyForDeploymentPostprocessing = 0;
		};
		2E191EF9273F45DE00BDCA35 /* Resources */ = {
			isa = PBXResourcesBuildPhase;
			buildActionMask = 2147483647;
			files = (
			);
			runOnlyForDeploymentPostprocessing = 0;
		};
		2E191F05273F45DE00BDCA35 /* Resources */ = {
			isa = PBXResourcesBuildPhase;
			buildActionMask = 2147483647;
			files = (
			);
			runOnlyForDeploymentPostprocessing = 0;
		};
/* End PBXResourcesBuildPhase section */

/* Begin PBXSourcesBuildPhase section */
		2E191EEA273F45DE00BDCA35 /* Sources */ = {
			isa = PBXSourcesBuildPhase;
			buildActionMask = 2147483647;
			files = (
				2E191F11273F45DE00BDCA35 /* ContentView.swift in Sources */,
				2E191F0F273F45DE00BDCA35 /* InstaApp.swift in Sources */,
			);
			runOnlyForDeploymentPostprocessing = 0;
		};
		2E191EF0273F45DE00BDCA35 /* Sources */ = {
			isa = PBXSourcesBuildPhase;
			buildActionMask = 2147483647;
			files = (
				2E191F12273F45DE00BDCA35 /* ContentView.swift in Sources */,
				2E191F10273F45DE00BDCA35 /* InstaApp.swift in Sources */,
			);
			runOnlyForDeploymentPostprocessing = 0;
		};
		2E191EF7273F45DE00BDCA35 /* Sources */ = {
			isa = PBXSourcesBuildPhase;
			buildActionMask = 2147483647;
			files = (
				2E191F02273F45DE00BDCA35 /* Tests_iOSLaunchTests.swift in Sources */,
				2E191F00273F45DE00BDCA35 /* Tests_iOS.swift in Sources */,
			);
			runOnlyForDeploymentPostprocessing = 0;
		};
		2E191F03273F45DE00BDCA35 /* Sources */ = {
			isa = PBXSourcesBuildPhase;
			buildActionMask = 2147483647;
			files = (
				2E191F0E273F45DE00BDCA35 /* Tests_macOSLaunchTests.swift in Sources */,
				2E191F0C273F45DE00BDCA35 /* Tests_macOS.swift in Sources */,
			);
			runOnlyForDeploymentPostprocessing = 0;
		};
/* End PBXSourcesBuildPhase section */

/* Begin PBXTargetDependency section */
		2E191EFD273F45DE00BDCA35 /* PBXTargetDependency */ = {
			isa = PBXTargetDependency;
			target = 2E191EED273F45DE00BDCA35 /* Insta (iOS) */;
			targetProxy = 2E191EFC273F45DE00BDCA35 /* PBXContainerItemProxy */;
		};
		2E191F09273F45DE00BDCA35 /* PBXTargetDependency */ = {
			isa = PBXTargetDependency;
			target = 2E191EF3273F45DE00BDCA35 /* Insta (macOS) */;
			targetProxy = 2E191F08273F45DE00BDCA35 /* PBXContainerItemProxy */;
		};
/* End PBXTargetDependency section */

/* Begin XCBuildConfiguration section */
		2E191F15273F45DE00BDCA35 /* Debug */ = {
			isa = XCBuildConfiguration;
			buildSettings = {
				ALWAYS_SEARCH_USER_PATHS = NO;
				CLANG_ANALYZER_NONNULL = YES;
				CLANG_ANALYZER_NUMBER_OBJECT_CONVERSION = YES_AGGRESSIVE;
				CLANG_CXX_LANGUAGE_STANDARD = "gnu++17";
				CLANG_CXX_LIBRARY = "libc++";
				CLANG_ENABLE_MODULES = YES;
				CLANG_ENABLE_OBJC_ARC = YES;
				CLANG_ENABLE_OBJC_WEAK = YES;
				CLANG_WARN_BLOCK_CAPTURE_AUTORELEASING = YES;
				CLANG_WARN_BOOL_CONVERSION = YES;
				CLANG_WARN_COMMA = YES;
				CLANG_WARN_CONSTANT_CONVERSION = YES;
				CLANG_WARN_DEPRECATED_OBJC_IMPLEMENTATIONS = YES;
				CLANG_WARN_DIRECT_OBJC_ISA_USAGE = YES_ERROR;
				CLANG_WARN_DOCUMENTATION_COMMENTS = YES;
				CLANG_WARN_EMPTY_BODY = YES;
				CLANG_WARN_ENUM_CONVERSION = YES;
				CLANG_WARN_INFINITE_RECURSION = YES;
				CLANG_WARN_INT_CONVERSION = YES;
				CLANG_WARN_NON_LITERAL_NULL_CONVERSION = YES;
				CLANG_WARN_OBJC_IMPLICIT_RETAIN_SELF = YES;
				CLANG_WARN_OBJC_LITERAL_CONVERSION = YES;
				CLANG_WARN_OBJC_ROOT_CLASS = YES_ERROR;
				CLANG_WARN_QUOTED_INCLUDE_IN_FRAMEWORK_HEADER = YES;
				CLANG_WARN_RANGE_LOOP_ANALYSIS = YES;
				CLANG_WARN_STRICT_PROTOTYPES = YES;
				CLANG_WARN_SUSPICIOUS_MOVE = YES;
				CLANG_WARN_UNGUARDED_AVAILABILITY = YES_AGGRESSIVE;
				CLANG_WARN_UNREACHABLE_CODE = YES;
				CLANG_WARN__DUPLICATE_METHOD_MATCH = YES;
				COPY_PHASE_STRIP = NO;
				DEBUG_INFORMATION_FORMAT = dwarf;
				ENABLE_STRICT_OBJC_MSGSEND = YES;
				ENABLE_TESTABILITY = YES;
				GCC_C_LANGUAGE_STANDARD = gnu11;
				GCC_DYNAMIC_NO_PIC = NO;
				GCC_NO_COMMON_BLOCKS = YES;
				GCC_OPTIMIZATION_LEVEL = 0;
				GCC_PREPROCESSOR_DEFINITIONS = (
					"DEBUG=1",
					"$(inherited)",
				);
				GCC_WARN_64_TO_32_BIT_CONVERSION = YES;
				GCC_WARN_ABOUT_RETURN_TYPE = YES_ERROR;
				GCC_WARN_UNDECLARED_SELECTOR = YES;
				GCC_WARN_UNINITIALIZED_AUTOS = YES_AGGRESSIVE;
				GCC_WARN_UNUSED_FUNCTION = YES;
				GCC_WARN_UNUSED_VARIABLE = YES;
				MTL_ENABLE_DEBUG_INFO = INCLUDE_SOURCE;
				MTL_FAST_MATH = YES;
				ONLY_ACTIVE_ARCH = YES;
				SWIFT_ACTIVE_COMPILATION_CONDITIONS = DEBUG;
				SWIFT_OPTIMIZATION_LEVEL = "-Onone";
			};
			name = Debug;
		};
		2E191F16273F45DE00BDCA35 /* Release */ = {
			isa = XCBuildConfiguration;
			buildSettings = {
				ALWAYS_SEARCH_USER_PATHS = NO;
				CLANG_ANALYZER_NONNULL = YES;
				CLANG_ANALYZER_NUMBER_OBJECT_CONVERSION = YES_AGGRESSIVE;
				CLANG_CXX_LANGUAGE_STANDARD = "gnu++17";
				CLANG_CXX_LIBRARY = "libc++";
				CLANG_ENABLE_MODULES = YES;
				CLANG_ENABLE_OBJC_ARC = YES;
				CLANG_ENABLE_OBJC_WEAK = YES;
				CLANG_WARN_BLOCK_CAPTURE_AUTORELEASING = YES;
				CLANG_WARN_BOOL_CONVERSION = YES;
				CLANG_WARN_COMMA = YES;
				CLANG_WARN_CONSTANT_CONVERSION = YES;
				CLANG_WARN_DEPRECATED_OBJC_IMPLEMENTATIONS = YES;
				CLANG_WARN_DIRECT_OBJC_ISA_USAGE = YES_ERROR;
				CLANG_WARN_DOCUMENTATION_COMMENTS = YES;
				CLANG_WARN_EMPTY_BODY = YES;
				CLANG_WARN_ENUM_CONVERSION = YES;
				CLANG_WARN_INFINITE_RECURSION = YES;
				CLANG_WARN_INT_CONVERSION = YES;
				CLANG_WARN_NON_LITERAL_NULL_CONVERSION = YES;
				CLANG_WARN_OBJC_IMPLICIT_RETAIN_SELF = YES;
				CLANG_WARN_OBJC_LITERAL_CONVERSION = YES;
				CLANG_WARN_OBJC_ROOT_CLASS = YES_ERROR;
				CLANG_WARN_QUOTED_INCLUDE_IN_FRAMEWORK_HEADER = YES;
				CLANG_WARN_RANGE_LOOP_ANALYSIS = YES;
				CLANG_WARN_STRICT_PROTOTYPES = YES;
				CLANG_WARN_SUSPICIOUS_MOVE = YES;
				CLANG_WARN_UNGUARDED_AVAILABILITY = YES_AGGRESSIVE;
				CLANG_WARN_UNREACHABLE_CODE = YES;
				CLANG_WARN__DUPLICATE_METHOD_MATCH = YES;
				COPY_PHASE_STRIP = NO;
				DEBUG_INFORMATION_FORMAT = "dwarf-with-dsym";
				ENABLE_NS_ASSERTIONS = NO;
				ENABLE_STRICT_OBJC_MSGSEND = YES;
				GCC_C_LANGUAGE_STANDARD = gnu11;
				GCC_NO_COMMON_BLOCKS = YES;
				GCC_WARN_64_TO_32_BIT_CONVERSION = YES;
				GCC_WARN_ABOUT_RETURN_TYPE = YES_ERROR;
				GCC_WARN_UNDECLARED_SELECTOR = YES;
				GCC_WARN_UNINITIALIZED_AUTOS = YES_AGGRESSIVE;
				GCC_WARN_UNUSED_FUNCTION = YES;
				GCC_WARN_UNUSED_VARIABLE = YES;
				MTL_ENABLE_DEBUG_INFO = NO;
				MTL_FAST_MATH = YES;
				SWIFT_COMPILATION_MODE = wholemodule;
				SWIFT_OPTIMIZATION_LEVEL = "-O";
			};
			name = Release;
		};
		2E191F18273F45DE00BDCA35 /* Debug */ = {
			isa = XCBuildConfiguration;
			buildSettings = {
				ASSETCATALOG_COMPILER_APPICON_NAME = AppIcon;
				ASSETCATALOG_COMPILER_GLOBAL_ACCENT_COLOR_NAME = AccentColor;
				CODE_SIGN_STYLE = Automatic;
				CURRENT_PROJECT_VERSION = 1;
				DEVELOPMENT_TEAM = 75GNWT9C9D;
				ENABLE_PREVIEWS = YES;
				GENERATE_INFOPLIST_FILE = YES;
				INFOPLIST_KEY_UIApplicationSceneManifest_Generation = YES;
				INFOPLIST_KEY_UIApplicationSupportsIndirectInputEvents = YES;
				INFOPLIST_KEY_UILaunchScreen_Generation = YES;
				INFOPLIST_KEY_UISupportedInterfaceOrientations_iPad = "UIInterfaceOrientationPortrait UIInterfaceOrientationPortraitUpsideDown UIInterfaceOrientationLandscapeLeft UIInterfaceOrientationLandscapeRight";
				INFOPLIST_KEY_UISupportedInterfaceOrientations_iPhone = "UIInterfaceOrientationPortrait UIInterfaceOrientationLandscapeLeft UIInterfaceOrientationLandscapeRight";
				IPHONEOS_DEPLOYMENT_TARGET = 15.0;
				LD_RUNPATH_SEARCH_PATHS = (
					"$(inherited)",
					"@executable_path/Frameworks",
				);
				MARKETING_VERSION = 1.0;
				PRODUCT_BUNDLE_IDENTIFIER = "InstaOrder-Team.Insta";
				PRODUCT_NAME = Insta;
				SDKROOT = iphoneos;
				SWIFT_EMIT_LOC_STRINGS = YES;
				SWIFT_VERSION = 5.0;
				TARGETED_DEVICE_FAMILY = "1,2";
			};
			name = Debug;
		};
		2E191F19273F45DE00BDCA35 /* Release */ = {
			isa = XCBuildConfiguration;
			buildSettings = {
				ASSETCATALOG_COMPILER_APPICON_NAME = AppIcon;
				ASSETCATALOG_COMPILER_GLOBAL_ACCENT_COLOR_NAME = AccentColor;
				CODE_SIGN_STYLE = Automatic;
				CURRENT_PROJECT_VERSION = 1;
				DEVELOPMENT_TEAM = 75GNWT9C9D;
				ENABLE_PREVIEWS = YES;
				GENERATE_INFOPLIST_FILE = YES;
				INFOPLIST_KEY_UIApplicationSceneManifest_Generation = YES;
				INFOPLIST_KEY_UIApplicationSupportsIndirectInputEvents = YES;
				INFOPLIST_KEY_UILaunchScreen_Generation = YES;
				INFOPLIST_KEY_UISupportedInterfaceOrientations_iPad = "UIInterfaceOrientationPortrait UIInterfaceOrientationPortraitUpsideDown UIInterfaceOrientationLandscapeLeft UIInterfaceOrientationLandscapeRight";
				INFOPLIST_KEY_UISupportedInterfaceOrientations_iPhone = "UIInterfaceOrientationPortrait UIInterfaceOrientationLandscapeLeft UIInterfaceOrientationLandscapeRight";
				IPHONEOS_DEPLOYMENT_TARGET = 15.0;
				LD_RUNPATH_SEARCH_PATHS = (
					"$(inherited)",
					"@executable_path/Frameworks",
				);
				MARKETING_VERSION = 1.0;
				PRODUCT_BUNDLE_IDENTIFIER = "InstaOrder-Team.Insta";
				PRODUCT_NAME = Insta;
				SDKROOT = iphoneos;
				SWIFT_EMIT_LOC_STRINGS = YES;
				SWIFT_VERSION = 5.0;
				TARGETED_DEVICE_FAMILY = "1,2";
				VALIDATE_PRODUCT = YES;
			};
			name = Release;
		};
		2E191F1B273F45DE00BDCA35 /* Debug */ = {
			isa = XCBuildConfiguration;
			buildSettings = {
				ASSETCATALOG_COMPILER_APPICON_NAME = AppIcon;
				ASSETCATALOG_COMPILER_GLOBAL_ACCENT_COLOR_NAME = AccentColor;
				CODE_SIGN_ENTITLEMENTS = macOS/macOS.entitlements;
				CODE_SIGN_STYLE = Automatic;
				COMBINE_HIDPI_IMAGES = YES;
				CURRENT_PROJECT_VERSION = 1;
				DEVELOPMENT_TEAM = 75GNWT9C9D;
				ENABLE_HARDENED_RUNTIME = YES;
				ENABLE_PREVIEWS = YES;
				GENERATE_INFOPLIST_FILE = YES;
				INFOPLIST_KEY_NSHumanReadableCopyright = "";
				LD_RUNPATH_SEARCH_PATHS = (
					"$(inherited)",
					"@executable_path/../Frameworks",
				);
				MACOSX_DEPLOYMENT_TARGET = 12.0;
				MARKETING_VERSION = 1.0;
				PRODUCT_BUNDLE_IDENTIFIER = "InstaOrder-Team.Insta";
				PRODUCT_NAME = Insta;
				SDKROOT = macosx;
				SWIFT_EMIT_LOC_STRINGS = YES;
				SWIFT_VERSION = 5.0;
			};
			name = Debug;
		};
		2E191F1C273F45DE00BDCA35 /* Release */ = {
			isa = XCBuildConfiguration;
			buildSettings = {
				ASSETCATALOG_COMPILER_APPICON_NAME = AppIcon;
				ASSETCATALOG_COMPILER_GLOBAL_ACCENT_COLOR_NAME = AccentColor;
				CODE_SIGN_ENTITLEMENTS = macOS/macOS.entitlements;
				CODE_SIGN_STYLE = Automatic;
				COMBINE_HIDPI_IMAGES = YES;
				CURRENT_PROJECT_VERSION = 1;
				DEVELOPMENT_TEAM = 75GNWT9C9D;
				ENABLE_HARDENED_RUNTIME = YES;
				ENABLE_PREVIEWS = YES;
				GENERATE_INFOPLIST_FILE = YES;
				INFOPLIST_KEY_NSHumanReadableCopyright = "";
				LD_RUNPATH_SEARCH_PATHS = (
					"$(inherited)",
					"@executable_path/../Frameworks",
				);
				MACOSX_DEPLOYMENT_TARGET = 12.0;
				MARKETING_VERSION = 1.0;
				PRODUCT_BUNDLE_IDENTIFIER = "InstaOrder-Team.Insta";
				PRODUCT_NAME = Insta;
				SDKROOT = macosx;
				SWIFT_EMIT_LOC_STRINGS = YES;
				SWIFT_VERSION = 5.0;
			};
			name = Release;
		};
		2E191F1E273F45DE00BDCA35 /* Debug */ = {
			isa = XCBuildConfiguration;
			buildSettings = {
				ALWAYS_EMBED_SWIFT_STANDARD_LIBRARIES = YES;
				CODE_SIGN_STYLE = Automatic;
				CURRENT_PROJECT_VERSION = 1;
				DEVELOPMENT_TEAM = 75GNWT9C9D;
				GENERATE_INFOPLIST_FILE = YES;
				IPHONEOS_DEPLOYMENT_TARGET = 15.0;
				LD_RUNPATH_SEARCH_PATHS = (
					"$(inherited)",
					"@executable_path/Frameworks",
					"@loader_path/Frameworks",
				);
				MARKETING_VERSION = 1.0;
				PRODUCT_BUNDLE_IDENTIFIER = "InstaOrder-Team.Tests-iOS";
				PRODUCT_NAME = "$(TARGET_NAME)";
				SDKROOT = iphoneos;
				SWIFT_EMIT_LOC_STRINGS = NO;
				SWIFT_VERSION = 5.0;
				TARGETED_DEVICE_FAMILY = "1,2";
				TEST_TARGET_NAME = "Insta (iOS)";
			};
			name = Debug;
		};
		2E191F1F273F45DE00BDCA35 /* Release */ = {
			isa = XCBuildConfiguration;
			buildSettings = {
				ALWAYS_EMBED_SWIFT_STANDARD_LIBRARIES = YES;
				CODE_SIGN_STYLE = Automatic;
				CURRENT_PROJECT_VERSION = 1;
				DEVELOPMENT_TEAM = 75GNWT9C9D;
				GENERATE_INFOPLIST_FILE = YES;
				IPHONEOS_DEPLOYMENT_TARGET = 15.0;
				LD_RUNPATH_SEARCH_PATHS = (
					"$(inherited)",
					"@executable_path/Frameworks",
					"@loader_path/Frameworks",
				);
				MARKETING_VERSION = 1.0;
				PRODUCT_BUNDLE_IDENTIFIER = "InstaOrder-Team.Tests-iOS";
				PRODUCT_NAME = "$(TARGET_NAME)";
				SDKROOT = iphoneos;
				SWIFT_EMIT_LOC_STRINGS = NO;
				SWIFT_VERSION = 5.0;
				TARGETED_DEVICE_FAMILY = "1,2";
				TEST_TARGET_NAME = "Insta (iOS)";
				VALIDATE_PRODUCT = YES;
			};
			name = Release;
		};
		2E191F21273F45DE00BDCA35 /* Debug */ = {
			isa = XCBuildConfiguration;
			buildSettings = {
				ALWAYS_EMBED_SWIFT_STANDARD_LIBRARIES = YES;
				CODE_SIGN_STYLE = Automatic;
				COMBINE_HIDPI_IMAGES = YES;
				CURRENT_PROJECT_VERSION = 1;
				DEVELOPMENT_TEAM = 75GNWT9C9D;
				GENERATE_INFOPLIST_FILE = YES;
				LD_RUNPATH_SEARCH_PATHS = (
					"$(inherited)",
					"@executable_path/../Frameworks",
					"@loader_path/../Frameworks",
				);
				MACOSX_DEPLOYMENT_TARGET = 12.0;
				MARKETING_VERSION = 1.0;
				PRODUCT_BUNDLE_IDENTIFIER = "InstaOrder-Team.Tests-macOS";
				PRODUCT_NAME = "$(TARGET_NAME)";
				SDKROOT = macosx;
				SWIFT_EMIT_LOC_STRINGS = NO;
				SWIFT_VERSION = 5.0;
				TEST_TARGET_NAME = "Insta (macOS)";
			};
			name = Debug;
		};
		2E191F22273F45DE00BDCA35 /* Release */ = {
			isa = XCBuildConfiguration;
			buildSettings = {
				ALWAYS_EMBED_SWIFT_STANDARD_LIBRARIES = YES;
				CODE_SIGN_STYLE = Automatic;
				COMBINE_HIDPI_IMAGES = YES;
				CURRENT_PROJECT_VERSION = 1;
				DEVELOPMENT_TEAM = 75GNWT9C9D;
				GENERATE_INFOPLIST_FILE = YES;
				LD_RUNPATH_SEARCH_PATHS = (
					"$(inherited)",
					"@executable_path/../Frameworks",
					"@loader_path/../Frameworks",
				);
				MACOSX_DEPLOYMENT_TARGET = 12.0;
				MARKETING_VERSION = 1.0;
				PRODUCT_BUNDLE_IDENTIFIER = "InstaOrder-Team.Tests-macOS";
				PRODUCT_NAME = "$(TARGET_NAME)";
				SDKROOT = macosx;
				SWIFT_EMIT_LOC_STRINGS = NO;
				SWIFT_VERSION = 5.0;
				TEST_TARGET_NAME = "Insta (macOS)";
			};
			name = Release;
		};
/* End XCBuildConfiguration section */

/* Begin XCConfigurationList section */
		2E191EE5273F45DC00BDCA35 /* Build configuration list for PBXProject "Insta" */ = {
			isa = XCConfigurationList;
			buildConfigurations = (
				2E191F15273F45DE00BDCA35 /* Debug */,
				2E191F16273F45DE00BDCA35 /* Release */,
			);
			defaultConfigurationIsVisible = 0;
			defaultConfigurationName = Release;
		};
		2E191F17273F45DE00BDCA35 /* Build configuration list for PBXNativeTarget "Insta (iOS)" */ = {
			isa = XCConfigurationList;
			buildConfigurations = (
				2E191F18273F45DE00BDCA35 /* Debug */,
				2E191F19273F45DE00BDCA35 /* Release */,
			);
			defaultConfigurationIsVisible = 0;
			defaultConfigurationName = Release;
		};
		2E191F1A273F45DE00BDCA35 /* Build configuration list for PBXNativeTarget "Insta (macOS)" */ = {
			isa = XCConfigurationList;
			buildConfigurations = (
				2E191F1B273F45DE00BDCA35 /* Debug */,
				2E191F1C273F45DE00BDCA35 /* Release */,
			);
			defaultConfigurationIsVisible = 0;
			defaultConfigurationName = Release;
		};
		2E191F1D273F45DE00BDCA35 /* Build configuration list for PBXNativeTarget "Tests iOS" */ = {
			isa = XCConfigurationList;
			buildConfigurations = (
				2E191F1E273F45DE00BDCA35 /* Debug */,
				2E191F1F273F45DE00BDCA35 /* Release */,
			);
			defaultConfigurationIsVisible = 0;
			defaultConfigurationName = Release;
		};
		2E191F20273F45DE00BDCA35 /* Build configuration list for PBXNativeTarget "Tests macOS" */ = {
			isa = XCConfigurationList;
			buildConfigurations = (
				2E191F21273F45DE00BDCA35 /* Debug */,
				2E191F22273F45DE00BDCA35 /* Release */,
			);
			defaultConfigurationIsVisible = 0;
			defaultConfigurationName = Release;
		};
/* End XCConfigurationList section */
	};
	rootObject = 2E191EE2273F45DC00BDCA35 /* Project object */;
}
